
Microsoft Visual Studio Solution File, Format Version 12.00
# Visual Studio Version 16
VisualStudioVersion = 16.0.31729.503
MinimumVisualStudioVersion = 10.0.40219.1
Project("{FAE04EC0-301F-11D3-BF4B-00C04F79EFBC}") = "Cafe.UI", "..\..\..\..\..\..\source\repos\ChallengeOne.Cafe\Cafe.UI\Cafe.UI.csproj", "{43723F3F-7E99-4EB1-992C-707DC64CAB18}"
EndProject
Project("{FAE04EC0-301F-11D3-BF4B-00C04F79EFBC}") = "Cafe.POCO", "..\..\..\..\..\..\source\repos\ChallengeOne.Cafe\Cafe.POCO\Cafe.POCO.csproj", "{2E15C55E-40BA-4B7A-9EE5-A0FEADE86403}"
EndProject
Project("{FAE04EC0-301F-11D3-BF4B-00C04F79EFBC}") = "Cafe.Repo", "..\..\..\..\..\..\source\repos\ChallengeOne.Cafe\Cafe.Repo\Cafe.Repo.csproj", "{8FDC7445-523D-42B6-A458-6D07CF13518C}"
EndProject
Project("{FAE04EC0-301F-11D3-BF4B-00C04F79EFBC}") = "RepositoryPattern.Test", "..\..\..\..\..\..\source\repos\ChallengeOne.Cafe\RepositoryPattern.Test\RepositoryPattern.Test.csproj", "{D8C732A0-0487-4C0B-8E43-EC302BBBF186}"
EndProject
Project("{2150E333-8FDC-42A3-9474-1A3956D46DE8}") = "Challenge1", "Challenge1", "{D1A35812-ED40-40E1-9B45-B107420234A8}"
EndProject
Project("{2150E333-8FDC-42A3-9474-1A3956D46DE8}") = "Challenge2", "Challenge2", "{1816757E-2EA3-45E0-A855-31C1F918EEF5}"
EndProject
Project("{FAE04EC0-301F-11D3-BF4B-00C04F79EFBC}") = "Insurance.UI", "Insurance.UI\Insurance.UI.csproj", "{A68598ED-8072-47E2-8356-37F25EEC1FDB}"
EndProject
Project("{FAE04EC0-301F-11D3-BF4B-00C04F79EFBC}") = "Claim.POCO", "Claim.POCO\Claim.POCO.csproj", "{D5811C65-49CE-4876-8FBE-DDC6E46CCC9A}"
EndProject
Project("{FAE04EC0-301F-11D3-BF4B-00C04F79EFBC}") = "Claim.Repository", "Claiom.Repo\Claim.Repository.csproj", "{502D3910-650E-457D-A489-D3EB2C42B5BA}"
EndProject
Project("{FAE04EC0-301F-11D3-BF4B-00C04F79EFBC}") = "Claim.Tests", "Claim.Tests\Claim.Tests.csproj", "{46469E9D-8F07-41D1-B986-7FD2E09D6DCE}"
EndProject
Project("{2150E333-8FDC-42A3-9474-1A3956D46DE8}") = "Challenge3", "Challenge3", "{5BC77963-E47E-4E79-B39D-13878078EEE9}"
EndProject
Project("{FAE04EC0-301F-11D3-BF4B-00C04F79EFBC}") = "Badge.UI", "Badge.UI\Badge.UI.csproj", "{10A1BC28-49C7-4B3B-A2C4-922B83AFECFC}"
EndProject
Project("{FAE04EC0-301F-11D3-BF4B-00C04F79EFBC}") = "Badge.Repository", "Badge.Repository\Badge.Repository.csproj", "{7F44799A-338B-4585-A105-F2FD861734B3}"
EndProject
Project("{FAE04EC0-301F-11D3-BF4B-00C04F79EFBC}") = "Badge.Tests", "Badge.Tests\Badge.Tests.csproj", "{9C2336CE-7957-4520-962E-3E8E0FCBF7E9}"
EndProject
Global
	GlobalSection(SolutionConfigurationPlatforms) = preSolution
		Debug|Any CPU = Debug|Any CPU
		Release|Any CPU = Release|Any CPU
	EndGlobalSection
	GlobalSection(ProjectConfigurationPlatforms) = postSolution
		{43723F3F-7E99-4EB1-992C-707DC64CAB18}.Debug|Any CPU.ActiveCfg = Debug|Any CPU
		{43723F3F-7E99-4EB1-992C-707DC64CAB18}.Debug|Any CPU.Build.0 = Debug|Any CPU
		{43723F3F-7E99-4EB1-992C-707DC64CAB18}.Release|Any CPU.ActiveCfg = Release|Any CPU
		{43723F3F-7E99-4EB1-992C-707DC64CAB18}.Release|Any CPU.Build.0 = Release|Any CPU
		{2E15C55E-40BA-4B7A-9EE5-A0FEADE86403}.Debug|Any CPU.ActiveCfg = Debug|Any CPU
		{2E15C55E-40BA-4B7A-9EE5-A0FEADE86403}.Debug|Any CPU.Build.0 = Debug|Any CPU
		{2E15C55E-40BA-4B7A-9EE5-A0FEADE86403}.Release|Any CPU.ActiveCfg = Release|Any CPU
		{2E15C55E-40BA-4B7A-9EE5-A0FEADE86403}.Release|Any CPU.Build.0 = Release|Any CPU
		{8FDC7445-523D-42B6-A458-6D07CF13518C}.Debug|Any CPU.ActiveCfg = Debug|Any CPU
		{8FDC7445-523D-42B6-A458-6D07CF13518C}.Debug|Any CPU.Build.0 = Debug|Any CPU
		{8FDC7445-523D-42B6-A458-6D07CF13518C}.Release|Any CPU.ActiveCfg = Release|Any CPU
		{8FDC7445-523D-42B6-A458-6D07CF13518C}.Release|Any CPU.Build.0 = Release|Any CPU
		{D8C732A0-0487-4C0B-8E43-EC302BBBF186}.Debug|Any CPU.ActiveCfg = Debug|Any CPU
		{D8C732A0-0487-4C0B-8E43-EC302BBBF186}.Debug|Any CPU.Build.0 = Debug|Any CPU
		{D8C732A0-0487-4C0B-8E43-EC302BBBF186}.Release|Any CPU.ActiveCfg = Release|Any CPU
		{D8C732A0-0487-4C0B-8E43-EC302BBBF186}.Release|Any CPU.Build.0 = Release|Any CPU
		{A68598ED-8072-47E2-8356-37F25EEC1FDB}.Debug|Any CPU.ActiveCfg = Debug|Any CPU
		{A68598ED-8072-47E2-8356-37F25EEC1FDB}.Debug|Any CPU.Build.0 = Debug|Any CPU
		{A68598ED-8072-47E2-8356-37F25EEC1FDB}.Release|Any CPU.ActiveCfg = Release|Any CPU
		{A68598ED-8072-47E2-8356-37F25EEC1FDB}.Release|Any CPU.Build.0 = Release|Any CPU
		{D5811C65-49CE-4876-8FBE-DDC6E46CCC9A}.Debug|Any CPU.ActiveCfg = Debug|Any CPU
		{D5811C65-49CE-4876-8FBE-DDC6E46CCC9A}.Debug|Any CPU.Build.0 = Debug|Any CPU
		{D5811C65-49CE-4876-8FBE-DDC6E46CCC9A}.Release|Any CPU.ActiveCfg = Release|Any CPU
		{D5811C65-49CE-4876-8FBE-DDC6E46CCC9A}.Release|Any CPU.Build.0 = Release|Any CPU
		{502D3910-650E-457D-A489-D3EB2C42B5BA}.Debug|Any CPU.ActiveCfg = Debug|Any CPU
		{502D3910-650E-457D-A489-D3EB2C42B5BA}.Debug|Any CPU.Build.0 = Debug|Any CPU
		{502D3910-650E-457D-A489-D3EB2C42B5BA}.Release|Any CPU.ActiveCfg = Release|Any CPU
		{502D3910-650E-457D-A489-D3EB2C42B5BA}.Release|Any CPU.Build.0 = Release|Any CPU
		{46469E9D-8F07-41D1-B986-7FD2E09D6DCE}.Debug|Any CPU.ActiveCfg = Debug|Any CPU
		{46469E9D-8F07-41D1-B986-7FD2E09D6DCE}.Debug|Any CPU.Build.0 = Debug|Any CPU
		{46469E9D-8F07-41D1-B986-7FD2E09D6DCE}.Release|Any CPU.ActiveCfg = Release|Any CPU
		{46469E9D-8F07-41D1-B986-7FD2E09D6DCE}.Release|Any CPU.Build.0 = Release|Any CPU
		{10A1BC28-49C7-4B3B-A2C4-922B83AFECFC}.Debug|Any CPU.ActiveCfg = Debug|Any CPU
		{10A1BC28-49C7-4B3B-A2C4-922B83AFECFC}.Debug|Any CPU.Build.0 = Debug|Any CPU
		{10A1BC28-49C7-4B3B-A2C4-922B83AFECFC}.Release|Any CPU.ActiveCfg = Release|Any CPU
		{10A1BC28-49C7-4B3B-A2C4-922B83AFECFC}.Release|Any CPU.Build.0 = Release|Any CPU
		{7F44799A-338B-4585-A105-F2FD861734B3}.Debug|Any CPU.ActiveCfg = Debug|Any CPU
		{7F44799A-338B-4585-A105-F2FD861734B3}.Debug|Any CPU.Build.0 = Debug|Any CPU
		{7F44799A-338B-4585-A105-F2FD861734B3}.Release|Any CPU.ActiveCfg = Release|Any CPU
		{7F44799A-338B-4585-A105-F2FD861734B3}.Release|Any CPU.Build.0 = Release|Any CPU
		{9C2336CE-7957-4520-962E-3E8E0FCBF7E9}.Debug|Any CPU.ActiveCfg = Debug|Any CPU
		{9C2336CE-7957-4520-962E-3E8E0FCBF7E9}.Debug|Any CPU.Build.0 = Debug|Any CPU
		{9C2336CE-7957-4520-962E-3E8E0FCBF7E9}.Release|Any CPU.ActiveCfg = Release|Any CPU
		{9C2336CE-7957-4520-962E-3E8E0FCBF7E9}.Release|Any CPU.Build.0 = Release|Any CPU
	EndGlobalSection
	GlobalSection(SolutionProperties) = preSolution
		HideSolutionNode = FALSE
	EndGlobalSection
	GlobalSection(NestedProjects) = preSolution
		{43723F3F-7E99-4EB1-992C-707DC64CAB18} = {D1A35812-ED40-40E1-9B45-B107420234A8}
		{2E15C55E-40BA-4B7A-9EE5-A0FEADE86403} = {D1A35812-ED40-40E1-9B45-B107420234A8}
		{8FDC7445-523D-42B6-A458-6D07CF13518C} = {D1A35812-ED40-40E1-9B45-B107420234A8}
		{D8C732A0-0487-4C0B-8E43-EC302BBBF186} = {D1A35812-ED40-40E1-9B45-B107420234A8}
		{A68598ED-8072-47E2-8356-37F25EEC1FDB} = {1816757E-2EA3-45E0-A855-31C1F918EEF5}
		{D5811C65-49CE-4876-8FBE-DDC6E46CCC9A} = {1816757E-2EA3-45E0-A855-31C1F918EEF5}
		{502D3910-650E-457D-A489-D3EB2C42B5BA} = {1816757E-2EA3-45E0-A855-31C1F918EEF5}
		{46469E9D-8F07-41D1-B986-7FD2E09D6DCE} = {1816757E-2EA3-45E0-A855-31C1F918EEF5}
		{10A1BC28-49C7-4B3B-A2C4-922B83AFECFC} = {5BC77963-E47E-4E79-B39D-13878078EEE9}
		{7F44799A-338B-4585-A105-F2FD861734B3} = {5BC77963-E47E-4E79-B39D-13878078EEE9}
		{9C2336CE-7957-4520-962E-3E8E0FCBF7E9} = {5BC77963-E47E-4E79-B39D-13878078EEE9}
	EndGlobalSection
	GlobalSection(ExtensibilityGlobals) = postSolution
		SolutionGuid = {B104ABAA-DF2C-4A8C-B79C-982CA41477FB}
	EndGlobalSection
EndGlobal
